
Microsoft Visual Studio Solution File, Format Version 12.00
# Visual Studio Version 17
VisualStudioVersion = 17.6.33815.320
MinimumVisualStudioVersion = 10.0.40219.1
Project("{2150E333-8FDC-42A3-9474-1A3956D46DE8}") = "src", "src", "{6A41FBA1-4AD1-4D6E-9D2F-DE7275C4099D}"
EndProject
Project("{2150E333-8FDC-42A3-9474-1A3956D46DE8}") = "test", "test", "{DBB86DF0-F925-46EF-8907-0C44EBA1F085}"
EndProject
Project("{9A19103F-16F7-4668-BE54-9A1E7A4F7556}") = "Polymorphism", "src\Polymorphism\Polymorphism.csproj", "{526003D5-AB5D-49E1-B4CE-1B5E26FF2465}"
EndProject
Project("{9A19103F-16F7-4668-BE54-9A1E7A4F7556}") = "UnitTest", "test\UnitTest\UnitTest.csproj", "{05B9B6E4-EB25-4B17-A65B-F26F7059E41D}"
EndProject
Project("{9A19103F-16F7-4668-BE54-9A1E7A4F7556}") = "Memento", "src\Memento\Memento.csproj", "{9C99FBF8-54B0-4464-9C2C-FBF71C0AF727}"
EndProject
Project("{2150E333-8FDC-42A3-9474-1A3956D46DE8}") = "Behavioral", "Behavioral", "{9CAD4781-3D8F-4099-9576-DDED0E72EC10}"
EndProject
Project("{FAE04EC0-301F-11D3-BF4B-00C04F79EFBC}") = "State", "src\State\State.csproj", "{99C05B0E-FA24-45B8-BF56-5168DDBE9E9E}"
EndProject
Project("{FAE04EC0-301F-11D3-BF4B-00C04F79EFBC}") = "Iterator", "src\Iterator\Iterator.csproj", "{109AF1CD-6615-4B90-9F1E-5433606C2A4B}"
EndProject
Project("{FAE04EC0-301F-11D3-BF4B-00C04F79EFBC}") = "Strategy", "src\Strategy\Strategy.csproj", "{F0E3086F-2F45-43A2-8715-24C154E98880}"
EndProject
Project("{FAE04EC0-301F-11D3-BF4B-00C04F79EFBC}") = "TemplateMethod", "src\TemplateMethod\TemplateMethod.csproj", "{E706660A-7F1C-44E3-B58E-4BD7585B5029}"
EndProject
Project("{FAE04EC0-301F-11D3-BF4B-00C04F79EFBC}") = "Command", "src\Command\Command.csproj", "{926C11BD-87D0-41C0-AAB7-C600A17186BC}"
EndProject
Global
	GlobalSection(SolutionConfigurationPlatforms) = preSolution
		Debug|Any CPU = Debug|Any CPU
		Release|Any CPU = Release|Any CPU
	EndGlobalSection
	GlobalSection(ProjectConfigurationPlatforms) = postSolution
		{526003D5-AB5D-49E1-B4CE-1B5E26FF2465}.Debug|Any CPU.ActiveCfg = Debug|Any CPU
		{526003D5-AB5D-49E1-B4CE-1B5E26FF2465}.Debug|Any CPU.Build.0 = Debug|Any CPU
		{526003D5-AB5D-49E1-B4CE-1B5E26FF2465}.Release|Any CPU.ActiveCfg = Release|Any CPU
		{526003D5-AB5D-49E1-B4CE-1B5E26FF2465}.Release|Any CPU.Build.0 = Release|Any CPU
		{05B9B6E4-EB25-4B17-A65B-F26F7059E41D}.Debug|Any CPU.ActiveCfg = Debug|Any CPU
		{05B9B6E4-EB25-4B17-A65B-F26F7059E41D}.Debug|Any CPU.Build.0 = Debug|Any CPU
		{05B9B6E4-EB25-4B17-A65B-F26F7059E41D}.Release|Any CPU.ActiveCfg = Release|Any CPU
		{05B9B6E4-EB25-4B17-A65B-F26F7059E41D}.Release|Any CPU.Build.0 = Release|Any CPU
		{9C99FBF8-54B0-4464-9C2C-FBF71C0AF727}.Debug|Any CPU.ActiveCfg = Debug|Any CPU
		{9C99FBF8-54B0-4464-9C2C-FBF71C0AF727}.Debug|Any CPU.Build.0 = Debug|Any CPU
		{9C99FBF8-54B0-4464-9C2C-FBF71C0AF727}.Release|Any CPU.ActiveCfg = Release|Any CPU
		{9C99FBF8-54B0-4464-9C2C-FBF71C0AF727}.Release|Any CPU.Build.0 = Release|Any CPU
		{99C05B0E-FA24-45B8-BF56-5168DDBE9E9E}.Debug|Any CPU.ActiveCfg = Debug|Any CPU
		{99C05B0E-FA24-45B8-BF56-5168DDBE9E9E}.Debug|Any CPU.Build.0 = Debug|Any CPU
		{99C05B0E-FA24-45B8-BF56-5168DDBE9E9E}.Release|Any CPU.ActiveCfg = Release|Any CPU
		{99C05B0E-FA24-45B8-BF56-5168DDBE9E9E}.Release|Any CPU.Build.0 = Release|Any CPU
		{109AF1CD-6615-4B90-9F1E-5433606C2A4B}.Debug|Any CPU.ActiveCfg = Debug|Any CPU
		{109AF1CD-6615-4B90-9F1E-5433606C2A4B}.Debug|Any CPU.Build.0 = Debug|Any CPU
		{109AF1CD-6615-4B90-9F1E-5433606C2A4B}.Release|Any CPU.ActiveCfg = Release|Any CPU
		{109AF1CD-6615-4B90-9F1E-5433606C2A4B}.Release|Any CPU.Build.0 = Release|Any CPU
		{F0E3086F-2F45-43A2-8715-24C154E98880}.Debug|Any CPU.ActiveCfg = Debug|Any CPU
		{F0E3086F-2F45-43A2-8715-24C154E98880}.Debug|Any CPU.Build.0 = Debug|Any CPU
		{F0E3086F-2F45-43A2-8715-24C154E98880}.Release|Any CPU.ActiveCfg = Release|Any CPU
		{F0E3086F-2F45-43A2-8715-24C154E98880}.Release|Any CPU.Build.0 = Release|Any CPU
		{E706660A-7F1C-44E3-B58E-4BD7585B5029}.Debug|Any CPU.ActiveCfg = Debug|Any CPU
		{E706660A-7F1C-44E3-B58E-4BD7585B5029}.Debug|Any CPU.Build.0 = Debug|Any CPU
		{E706660A-7F1C-44E3-B58E-4BD7585B5029}.Release|Any CPU.ActiveCfg = Release|Any CPU
		{E706660A-7F1C-44E3-B58E-4BD7585B5029}.Release|Any CPU.Build.0 = Release|Any CPU
		{926C11BD-87D0-41C0-AAB7-C600A17186BC}.Debug|Any CPU.ActiveCfg = Debug|Any CPU
		{926C11BD-87D0-41C0-AAB7-C600A17186BC}.Debug|Any CPU.Build.0 = Debug|Any CPU
		{926C11BD-87D0-41C0-AAB7-C600A17186BC}.Release|Any CPU.ActiveCfg = Release|Any CPU
		{926C11BD-87D0-41C0-AAB7-C600A17186BC}.Release|Any CPU.Build.0 = Release|Any CPU
	EndGlobalSection
	GlobalSection(SolutionProperties) = preSolution
		HideSolutionNode = FALSE
	EndGlobalSection
	GlobalSection(NestedProjects) = preSolution
		{526003D5-AB5D-49E1-B4CE-1B5E26FF2465} = {6A41FBA1-4AD1-4D6E-9D2F-DE7275C4099D}
		{05B9B6E4-EB25-4B17-A65B-F26F7059E41D} = {DBB86DF0-F925-46EF-8907-0C44EBA1F085}
		{9C99FBF8-54B0-4464-9C2C-FBF71C0AF727} = {9CAD4781-3D8F-4099-9576-DDED0E72EC10}
		{9CAD4781-3D8F-4099-9576-DDED0E72EC10} = {6A41FBA1-4AD1-4D6E-9D2F-DE7275C4099D}
		{99C05B0E-FA24-45B8-BF56-5168DDBE9E9E} = {9CAD4781-3D8F-4099-9576-DDED0E72EC10}
		{109AF1CD-6615-4B90-9F1E-5433606C2A4B} = {9CAD4781-3D8F-4099-9576-DDED0E72EC10}
		{F0E3086F-2F45-43A2-8715-24C154E98880} = {9CAD4781-3D8F-4099-9576-DDED0E72EC10}
		{E706660A-7F1C-44E3-B58E-4BD7585B5029} = {9CAD4781-3D8F-4099-9576-DDED0E72EC10}
		{926C11BD-87D0-41C0-AAB7-C600A17186BC} = {9CAD4781-3D8F-4099-9576-DDED0E72EC10}
	EndGlobalSection
	GlobalSection(ExtensibilityGlobals) = postSolution
		SolutionGuid = {C5257270-8736-497C-BA6F-E0461B442119}
	EndGlobalSection
EndGlobal
